// !$*UTF8*$!
{
	archiveVersion = 1;
	classes = {
	};
	objectVersion = 46;
	objects = {

/* Begin PBXBuildFile section */
		1F2A57B51C50C127009C810B /* AppDelegate.swift in Sources */ = {isa = PBXBuildFile; fileRef = 1F2A57B41C50C127009C810B /* AppDelegate.swift */; };
		1F2A57B71C50C127009C810B /* ViewController.swift in Sources */ = {isa = PBXBuildFile; fileRef = 1F2A57B61C50C127009C810B /* ViewController.swift */; };
		1F2A57BA1C50C127009C810B /* Main.storyboard in Resources */ = {isa = PBXBuildFile; fileRef = 1F2A57B81C50C127009C810B /* Main.storyboard */; };
		1F2A57BC1C50C127009C810B /* Assets.xcassets in Resources */ = {isa = PBXBuildFile; fileRef = 1F2A57BB1C50C127009C810B /* Assets.xcassets */; };
		1F2A57BF1C50C127009C810B /* LaunchScreen.storyboard in Resources */ = {isa = PBXBuildFile; fileRef = 1F2A57BD1C50C127009C810B /* LaunchScreen.storyboard */; };
		1F2A57CA1C50C127009C810B /* WebviewExampleTests.swift in Sources */ = {isa = PBXBuildFile; fileRef = 1F2A57C91C50C127009C810B /* WebviewExampleTests.swift */; };
		1F2A57D51C50C127009C810B /* WebviewExampleUITests.swift in Sources */ = {isa = PBXBuildFile; fileRef = 1F2A57D41C50C127009C810B /* WebviewExampleUITests.swift */; };
		1F2A58E91C50C3F1009C810B /* FLUIWebView.swift in Sources */ = {isa = PBXBuildFile; fileRef = 1F2A58E61C50C3F1009C810B /* FLUIWebView.swift */; };
		1F2A58EA1C50C3F1009C810B /* FLWebViewProvider.swift in Sources */ = {isa = PBXBuildFile; fileRef = 1F2A58E71C50C3F1009C810B /* FLWebViewProvider.swift */; };
		1F2A58EB1C50C3F1009C810B /* FLWKWebView.swift in Sources */ = {isa = PBXBuildFile; fileRef = 1F2A58E81C50C3F1009C810B /* FLWKWebView.swift */; };
		1F2A597B1C50C8DF009C810B /* assets in Resources */ = {isa = PBXBuildFile; fileRef = 1F2A597A1C50C8DF009C810B /* assets */; };
		1FA3A8B91C51FE6800A6A3AC /* WebviewController.swift in Sources */ = {isa = PBXBuildFile; fileRef = 1FA3A8B81C51FE6800A6A3AC /* WebviewController.swift */; };
		1FE807621C58CE5B0001537E /* LocalStorageTest.swift in Sources */ = {isa = PBXBuildFile; fileRef = 1FE807611C58CE5B0001537E /* LocalStorageTest.swift */; };
/* End PBXBuildFile section */

/* Begin PBXContainerItemProxy section */
		1F2A57C61C50C127009C810B /* PBXContainerItemProxy */ = {
			isa = PBXContainerItemProxy;
			containerPortal = 1F2A57A91C50C127009C810B /* Project object */;
			proxyType = 1;
			remoteGlobalIDString = 1F2A57B01C50C127009C810B;
			remoteInfo = WebviewExample;
		};
		1F2A57D11C50C127009C810B /* PBXContainerItemProxy */ = {
			isa = PBXContainerItemProxy;
			containerPortal = 1F2A57A91C50C127009C810B /* Project object */;
			proxyType = 1;
			remoteGlobalIDString = 1F2A57B01C50C127009C810B;
			remoteInfo = WebviewExample;
		};
/* End PBXContainerItemProxy section */

/* Begin PBXFileReference section */
		1F2A57B11C50C127009C810B /* WebviewExample.app */ = {isa = PBXFileReference; explicitFileType = wrapper.application; includeInIndex = 0; path = WebviewExample.app; sourceTree = BUILT_PRODUCTS_DIR; };
		1F2A57B41C50C127009C810B /* AppDelegate.swift */ = {isa = PBXFileReference; lastKnownFileType = sourcecode.swift; path = AppDelegate.swift; sourceTree = "<group>"; };
		1F2A57B61C50C127009C810B /* ViewController.swift */ = {isa = PBXFileReference; lastKnownFileType = sourcecode.swift; path = ViewController.swift; sourceTree = "<group>"; };
		1F2A57B91C50C127009C810B /* Base */ = {isa = PBXFileReference; lastKnownFileType = file.storyboard; name = Base; path = Base.lproj/Main.storyboard; sourceTree = "<group>"; };
		1F2A57BB1C50C127009C810B /* Assets.xcassets */ = {isa = PBXFileReference; lastKnownFileType = folder.assetcatalog; path = Assets.xcassets; sourceTree = "<group>"; };
		1F2A57BE1C50C127009C810B /* Base */ = {isa = PBXFileReference; lastKnownFileType = file.storyboard; name = Base; path = Base.lproj/LaunchScreen.storyboard; sourceTree = "<group>"; };
		1F2A57C01C50C127009C810B /* Info.plist */ = {isa = PBXFileReference; lastKnownFileType = text.plist.xml; path = Info.plist; sourceTree = "<group>"; };
		1F2A57C51C50C127009C810B /* WebviewExampleTests.xctest */ = {isa = PBXFileReference; explicitFileType = wrapper.cfbundle; includeInIndex = 0; path = WebviewExampleTests.xctest; sourceTree = BUILT_PRODUCTS_DIR; };
		1F2A57C91C50C127009C810B /* WebviewExampleTests.swift */ = {isa = PBXFileReference; lastKnownFileType = sourcecode.swift; path = WebviewExampleTests.swift; sourceTree = "<group>"; };
		1F2A57CB1C50C127009C810B /* Info.plist */ = {isa = PBXFileReference; lastKnownFileType = text.plist.xml; path = Info.plist; sourceTree = "<group>"; };
		1F2A57D01C50C127009C810B /* WebviewExampleUITests.xctest */ = {isa = PBXFileReference; explicitFileType = wrapper.cfbundle; includeInIndex = 0; path = WebviewExampleUITests.xctest; sourceTree = BUILT_PRODUCTS_DIR; };
		1F2A57D41C50C127009C810B /* WebviewExampleUITests.swift */ = {isa = PBXFileReference; lastKnownFileType = sourcecode.swift; path = WebviewExampleUITests.swift; sourceTree = "<group>"; };
		1F2A57D61C50C127009C810B /* Info.plist */ = {isa = PBXFileReference; lastKnownFileType = text.plist.xml; path = Info.plist; sourceTree = "<group>"; };
		1F2A58E61C50C3F1009C810B /* FLUIWebView.swift */ = {isa = PBXFileReference; fileEncoding = 4; lastKnownFileType = sourcecode.swift; path = FLUIWebView.swift; sourceTree = "<group>"; };
		1F2A58E71C50C3F1009C810B /* FLWebViewProvider.swift */ = {isa = PBXFileReference; fileEncoding = 4; lastKnownFileType = sourcecode.swift; path = FLWebViewProvider.swift; sourceTree = "<group>"; };
		1F2A58E81C50C3F1009C810B /* FLWKWebView.swift */ = {isa = PBXFileReference; fileEncoding = 4; lastKnownFileType = sourcecode.swift; path = FLWKWebView.swift; sourceTree = "<group>"; };
		1F2A597A1C50C8DF009C810B /* assets */ = {isa = PBXFileReference; lastKnownFileType = folder; path = assets; sourceTree = "<group>"; };
		1FA3A8B81C51FE6800A6A3AC /* WebviewController.swift */ = {isa = PBXFileReference; fileEncoding = 4; lastKnownFileType = sourcecode.swift; path = WebviewController.swift; sourceTree = "<group>"; };
		1FE807611C58CE5B0001537E /* LocalStorageTest.swift */ = {isa = PBXFileReference; fileEncoding = 4; lastKnownFileType = sourcecode.swift; path = LocalStorageTest.swift; sourceTree = "<group>"; };
/* End PBXFileReference section */

/* Begin PBXFrameworksBuildPhase section */
		1F2A57AE1C50C127009C810B /* Frameworks */ = {
			isa = PBXFrameworksBuildPhase;
			buildActionMask = 2147483647;
			files = (
			);
			runOnlyForDeploymentPostprocessing = 0;
		};
		1F2A57C21C50C127009C810B /* Frameworks */ = {
			isa = PBXFrameworksBuildPhase;
			buildActionMask = 2147483647;
			files = (
			);
			runOnlyForDeploymentPostprocessing = 0;
		};
		1F2A57CD1C50C127009C810B /* Frameworks */ = {
			isa = PBXFrameworksBuildPhase;
			buildActionMask = 2147483647;
			files = (
			);
			runOnlyForDeploymentPostprocessing = 0;
		};
/* End PBXFrameworksBuildPhase section */

/* Begin PBXGroup section */
		1F2A57A81C50C127009C810B = {
			isa = PBXGroup;
			children = (
				1F2A57B31C50C127009C810B /* WebviewExample */,
				1F2A57C81C50C127009C810B /* WebviewExampleTests */,
				1F2A57D31C50C127009C810B /* WebviewExampleUITests */,
				1F2A57B21C50C127009C810B /* Products */,
				1F2A597A1C50C8DF009C810B /* assets */,
			);
			sourceTree = "<group>";
		};
		1F2A57B21C50C127009C810B /* Products */ = {
			isa = PBXGroup;
			children = (
				1F2A57B11C50C127009C810B /* WebviewExample.app */,
				1F2A57C51C50C127009C810B /* WebviewExampleTests.xctest */,
				1F2A57D01C50C127009C810B /* WebviewExampleUITests.xctest */,
			);
			name = Products;
			sourceTree = "<group>";
		};
		1F2A57B31C50C127009C810B /* WebviewExample */ = {
			isa = PBXGroup;
			children = (
				1F2A58E71C50C3F1009C810B /* FLWebViewProvider.swift */,
				1F2A58E61C50C3F1009C810B /* FLUIWebView.swift */,
				1F2A58E81C50C3F1009C810B /* FLWKWebView.swift */,
				1F2A57B41C50C127009C810B /* AppDelegate.swift */,
				1F2A57B61C50C127009C810B /* ViewController.swift */,
				1FA3A8B81C51FE6800A6A3AC /* WebviewController.swift */,
				1F2A57B81C50C127009C810B /* Main.storyboard */,
				1F2A57BB1C50C127009C810B /* Assets.xcassets */,
				1F2A57BD1C50C127009C810B /* LaunchScreen.storyboard */,
				1F2A57C01C50C127009C810B /* Info.plist */,
				1FE807611C58CE5B0001537E /* LocalStorageTest.swift */,
			);
			path = WebviewExample;
			sourceTree = "<group>";
		};
		1F2A57C81C50C127009C810B /* WebviewExampleTests */ = {
			isa = PBXGroup;
			children = (
				1F2A57C91C50C127009C810B /* WebviewExampleTests.swift */,
				1F2A57CB1C50C127009C810B /* Info.plist */,
			);
			path = WebviewExampleTests;
			sourceTree = "<group>";
		};
		1F2A57D31C50C127009C810B /* WebviewExampleUITests */ = {
			isa = PBXGroup;
			children = (
				1F2A57D41C50C127009C810B /* WebviewExampleUITests.swift */,
				1F2A57D61C50C127009C810B /* Info.plist */,
			);
			path = WebviewExampleUITests;
			sourceTree = "<group>";
		};
/* End PBXGroup section */

/* Begin PBXNativeTarget section */
		1F2A57B01C50C127009C810B /* WebviewExample */ = {
			isa = PBXNativeTarget;
			buildConfigurationList = 1F2A57D91C50C127009C810B /* Build configuration list for PBXNativeTarget "WebviewExample" */;
			buildPhases = (
				1F2A57AD1C50C127009C810B /* Sources */,
				1F2A57AE1C50C127009C810B /* Frameworks */,
				1F2A57AF1C50C127009C810B /* Resources */,
			);
			buildRules = (
			);
			dependencies = (
			);
			name = WebviewExample;
			productName = WebviewExample;
			productReference = 1F2A57B11C50C127009C810B /* WebviewExample.app */;
			productType = "com.apple.product-type.application";
		};
		1F2A57C41C50C127009C810B /* WebviewExampleTests */ = {
			isa = PBXNativeTarget;
			buildConfigurationList = 1F2A57DC1C50C127009C810B /* Build configuration list for PBXNativeTarget "WebviewExampleTests" */;
			buildPhases = (
				1F2A57C11C50C127009C810B /* Sources */,
				1F2A57C21C50C127009C810B /* Frameworks */,
				1F2A57C31C50C127009C810B /* Resources */,
			);
			buildRules = (
			);
			dependencies = (
				1F2A57C71C50C127009C810B /* PBXTargetDependency */,
			);
			name = WebviewExampleTests;
			productName = WebviewExampleTests;
			productReference = 1F2A57C51C50C127009C810B /* WebviewExampleTests.xctest */;
			productType = "com.apple.product-type.bundle.unit-test";
		};
		1F2A57CF1C50C127009C810B /* WebviewExampleUITests */ = {
			isa = PBXNativeTarget;
			buildConfigurationList = 1F2A57DF1C50C127009C810B /* Build configuration list for PBXNativeTarget "WebviewExampleUITests" */;
			buildPhases = (
				1F2A57CC1C50C127009C810B /* Sources */,
				1F2A57CD1C50C127009C810B /* Frameworks */,
				1F2A57CE1C50C127009C810B /* Resources */,
			);
			buildRules = (
			);
			dependencies = (
				1F2A57D21C50C127009C810B /* PBXTargetDependency */,
			);
			name = WebviewExampleUITests;
			productName = WebviewExampleUITests;
			productReference = 1F2A57D01C50C127009C810B /* WebviewExampleUITests.xctest */;
			productType = "com.apple.product-type.bundle.ui-testing";
		};
/* End PBXNativeTarget section */

/* Begin PBXProject section */
		1F2A57A91C50C127009C810B /* Project object */ = {
			isa = PBXProject;
			attributes = {
				LastSwiftUpdateCheck = 0720;
				LastUpgradeCheck = 0720;
				ORGANIZATIONNAME = jeff;
				TargetAttributes = {
					1F2A57B01C50C127009C810B = {
						CreatedOnToolsVersion = 7.2;
					};
					1F2A57C41C50C127009C810B = {
						CreatedOnToolsVersion = 7.2;
						TestTargetID = 1F2A57B01C50C127009C810B;
					};
					1F2A57CF1C50C127009C810B = {
						CreatedOnToolsVersion = 7.2;
						TestTargetID = 1F2A57B01C50C127009C810B;
					};
				};
			};
			buildConfigurationList = 1F2A57AC1C50C127009C810B /* Build configuration list for PBXProject "WebviewExample" */;
			compatibilityVersion = "Xcode 3.2";
			developmentRegion = English;
			hasScannedForEncodings = 0;
			knownRegions = (
				en,
				Base,
			);
			mainGroup = 1F2A57A81C50C127009C810B;
			productRefGroup = 1F2A57B21C50C127009C810B /* Products */;
			projectDirPath = "";
			projectRoot = "";
			targets = (
				1F2A57B01C50C127009C810B /* WebviewExample */,
				1F2A57C41C50C127009C810B /* WebviewExampleTests */,
				1F2A57CF1C50C127009C810B /* WebviewExampleUITests */,
			);
		};
/* End PBXProject section */

/* Begin PBXResourcesBuildPhase section */
		1F2A57AF1C50C127009C810B /* Resources */ = {
			isa = PBXResourcesBuildPhase;
			buildActionMask = 2147483647;
			files = (
				1F2A57BF1C50C127009C810B /* LaunchScreen.storyboard in Resources */,
				1F2A597B1C50C8DF009C810B /* assets in Resources */,
				1F2A57BC1C50C127009C810B /* Assets.xcassets in Resources */,
				1F2A57BA1C50C127009C810B /* Main.storyboard in Resources */,
			);
			runOnlyForDeploymentPostprocessing = 0;
		};
		1F2A57C31C50C127009C810B /* Resources */ = {
			isa = PBXResourcesBuildPhase;
			buildActionMask = 2147483647;
			files = (
			);
			runOnlyForDeploymentPostprocessing = 0;
		};
		1F2A57CE1C50C127009C810B /* Resources */ = {
			isa = PBXResourcesBuildPhase;
			buildActionMask = 2147483647;
			files = (
			);
			runOnlyForDeploymentPostprocessing = 0;
		};
/* End PBXResourcesBuildPhase section */

/* Begin PBXSourcesBuildPhase section */
		1F2A57AD1C50C127009C810B /* Sources */ = {
			isa = PBXSourcesBuildPhase;
			buildActionMask = 2147483647;
			files = (
				1F2A58EA1C50C3F1009C810B /* FLWebViewProvider.swift in Sources */,
				1FA3A8B91C51FE6800A6A3AC /* WebviewController.swift in Sources */,
				1F2A57B71C50C127009C810B /* ViewController.swift in Sources */,
				1FE807621C58CE5B0001537E /* LocalStorageTest.swift in Sources */,
				1F2A58EB1C50C3F1009C810B /* FLWKWebView.swift in Sources */,
				1F2A57B51C50C127009C810B /* AppDelegate.swift in Sources */,
				1F2A58E91C50C3F1009C810B /* FLUIWebView.swift in Sources */,
			);
			runOnlyForDeploymentPostprocessing = 0;
		};
		1F2A57C11C50C127009C810B /* Sources */ = {
			isa = PBXSourcesBuildPhase;
			buildActionMask = 2147483647;
			files = (
				1F2A57CA1C50C127009C810B /* WebviewExampleTests.swift in Sources */,
			);
			runOnlyForDeploymentPostprocessing = 0;
		};
		1F2A57CC1C50C127009C810B /* Sources */ = {
			isa = PBXSourcesBuildPhase;
			buildActionMask = 2147483647;
			files = (
				1F2A57D51C50C127009C810B /* WebviewExampleUITests.swift in Sources */,
			);
			runOnlyForDeploymentPostprocessing = 0;
		};
/* End PBXSourcesBuildPhase section */

/* Begin PBXTargetDependency section */
		1F2A57C71C50C127009C810B /* PBXTargetDependency */ = {
			isa = PBXTargetDependency;
			target = 1F2A57B01C50C127009C810B /* WebviewExample */;
			targetProxy = 1F2A57C61C50C127009C810B /* PBXContainerItemProxy */;
		};
		1F2A57D21C50C127009C810B /* PBXTargetDependency */ = {
			isa = PBXTargetDependency;
			target = 1F2A57B01C50C127009C810B /* WebviewExample */;
			targetProxy = 1F2A57D11C50C127009C810B /* PBXContainerItemProxy */;
		};
/* End PBXTargetDependency section */

/* Begin PBXVariantGroup section */
		1F2A57B81C50C127009C810B /* Main.storyboard */ = {
			isa = PBXVariantGroup;
			children = (
				1F2A57B91C50C127009C810B /* Base */,
			);
			name = Main.storyboard;
			sourceTree = "<group>";
		};
		1F2A57BD1C50C127009C810B /* LaunchScreen.storyboard */ = {
			isa = PBXVariantGroup;
			children = (
				1F2A57BE1C50C127009C810B /* Base */,
			);
			name = LaunchScreen.storyboard;
			sourceTree = "<group>";
		};
/* End PBXVariantGroup section */

/* Begin XCBuildConfiguration section */
		1F2A57D71C50C127009C810B /* Debug */ = {
			isa = XCBuildConfiguration;
			buildSettings = {
				ALWAYS_SEARCH_USER_PATHS = NO;
				CLANG_CXX_LANGUAGE_STANDARD = "gnu++0x";
				CLANG_CXX_LIBRARY = "libc++";
				CLANG_ENABLE_MODULES = YES;
				CLANG_ENABLE_OBJC_ARC = YES;
				CLANG_WARN_BOOL_CONVERSION = YES;
				CLANG_WARN_CONSTANT_CONVERSION = YES;
				CLANG_WARN_DIRECT_OBJC_ISA_USAGE = YES_ERROR;
				CLANG_WARN_EMPTY_BODY = YES;
				CLANG_WARN_ENUM_CONVERSION = YES;
				CLANG_WARN_INT_CONVERSION = YES;
				CLANG_WARN_OBJC_ROOT_CLASS = YES_ERROR;
				CLANG_WARN_UNREACHABLE_CODE = YES;
				CLANG_WARN__DUPLICATE_METHOD_MATCH = YES;
				"CODE_SIGN_IDENTITY[sdk=iphoneos*]" = "iPhone Developer";
				COPY_PHASE_STRIP = NO;
				DEBUG_INFORMATION_FORMAT = dwarf;
				ENABLE_STRICT_OBJC_MSGSEND = YES;
				ENABLE_TESTABILITY = YES;
				GCC_C_LANGUAGE_STANDARD = gnu99;
				GCC_DYNAMIC_NO_PIC = NO;
				GCC_NO_COMMON_BLOCKS = YES;
				GCC_OPTIMIZATION_LEVEL = 0;
				GCC_PREPROCESSOR_DEFINITIONS = (
					"DEBUG=1",
					"$(inherited)",
				);
				GCC_WARN_64_TO_32_BIT_CONVERSION = YES;
				GCC_WARN_ABOUT_RETURN_TYPE = YES_ERROR;
				GCC_WARN_UNDECLARED_SELECTOR = YES;
				GCC_WARN_UNINITIALIZED_AUTOS = YES_AGGRESSIVE;
				GCC_WARN_UNUSED_FUNCTION = YES;
				GCC_WARN_UNUSED_VARIABLE = YES;
				IPHONEOS_DEPLOYMENT_TARGET = 9.2;
				MTL_ENABLE_DEBUG_INFO = YES;
				ONLY_ACTIVE_ARCH = YES;
				SDKROOT = iphoneos;
				SWIFT_OPTIMIZATION_LEVEL = "-Onone";
				TARGETED_DEVICE_FAMILY = 2;
			};
			name = Debug;
		};
		1F2A57D81C50C127009C810B /* Release */ = {
			isa = XCBuildConfiguration;
			buildSettings = {
				ALWAYS_SEARCH_USER_PATHS = NO;
				CLANG_CXX_LANGUAGE_STANDARD = "gnu++0x";
				CLANG_CXX_LIBRARY = "libc++";
				CLANG_ENABLE_MODULES = YES;
				CLANG_ENABLE_OBJC_ARC = YES;
				CLANG_WARN_BOOL_CONVERSION = YES;
				CLANG_WARN_CONSTANT_CONVERSION = YES;
				CLANG_WARN_DIRECT_OBJC_ISA_USAGE = YES_ERROR;
				CLANG_WARN_EMPTY_BODY = YES;
				CLANG_WARN_ENUM_CONVERSION = YES;
				CLANG_WARN_INT_CONVERSION = YES;
				CLANG_WARN_OBJC_ROOT_CLASS = YES_ERROR;
				CLANG_WARN_UNREACHABLE_CODE = YES;
				CLANG_WARN__DUPLICATE_METHOD_MATCH = YES;
				"CODE_SIGN_IDENTITY[sdk=iphoneos*]" = "iPhone Developer";
				COPY_PHASE_STRIP = NO;
				DEBUG_INFORMATION_FORMAT = "dwarf-with-dsym";
				ENABLE_NS_ASSERTIONS = NO;
				ENABLE_STRICT_OBJC_MSGSEND = YES;
				GCC_C_LANGUAGE_STANDARD = gnu99;
				GCC_NO_COMMON_BLOCKS = YES;
				GCC_WARN_64_TO_32_BIT_CONVERSION = YES;
				GCC_WARN_ABOUT_RETURN_TYPE = YES_ERROR;
				GCC_WARN_UNDECLARED_SELECTOR = YES;
				GCC_WARN_UNINITIALIZED_AUTOS = YES_AGGRESSIVE;
				GCC_WARN_UNUSED_FUNCTION = YES;
				GCC_WARN_UNUSED_VARIABLE = YES;
				IPHONEOS_DEPLOYMENT_TARGET = 9.2;
				MTL_ENABLE_DEBUG_INFO = NO;
				SDKROOT = iphoneos;
				TARGETED_DEVICE_FAMILY = 2;
				VALIDATE_PRODUCT = YES;
			};
			name = Release;
		};
		1F2A57DA1C50C127009C810B /* Debug */ = {
			isa = XCBuildConfiguration;
			buildSettings = {
				ASSETCATALOG_COMPILER_APPICON_NAME = AppIcon;
				INFOPLIST_FILE = WebviewExample/Info.plist;
				LD_RUNPATH_SEARCH_PATHS = "$(inherited) @executable_path/Frameworks";
				PRODUCT_BUNDLE_IDENTIFIER = com.compass.webview.example.WebviewExample;
				PRODUCT_NAME = "$(TARGET_NAME)";
			};
			name = Debug;
		};
		1F2A57DB1C50C127009C810B /* Release */ = {
			isa = XCBuildConfiguration;
			buildSettings = {
				ASSETCATALOG_COMPILER_APPICON_NAME = AppIcon;
				INFOPLIST_FILE = WebviewExample/Info.plist;
				LD_RUNPATH_SEARCH_PATHS = "$(inherited) @executable_path/Frameworks";
				PRODUCT_BUNDLE_IDENTIFIER = com.compass.webview.example.WebviewExample;
				PRODUCT_NAME = "$(TARGET_NAME)";
			};
			name = Release;
		};
		1F2A57DD1C50C127009C810B /* Debug */ = {
			isa = XCBuildConfiguration;
			buildSettings = {
				BUNDLE_LOADER = "$(TEST_HOST)";
				INFOPLIST_FILE = WebviewExampleTests/Info.plist;
				LD_RUNPATH_SEARCH_PATHS = "$(inherited) @executable_path/Frameworks @loader_path/Frameworks";
				PRODUCT_BUNDLE_IDENTIFIER = com.compass.webview.example.WebviewExampleTests;
				PRODUCT_NAME = "$(TARGET_NAME)";
				TEST_HOST = "$(BUILT_PRODUCTS_DIR)/WebviewExample.app/WebviewExample";
			};
			name = Debug;
		};
		1F2A57DE1C50C127009C810B /* Release */ = {
			isa = XCBuildConfiguration;
			buildSettings = {
				BUNDLE_LOADER = "$(TEST_HOST)";
				INFOPLIST_FILE = WebviewExampleTests/Info.plist;
				LD_RUNPATH_SEARCH_PATHS = "$(inherited) @executable_path/Frameworks @loader_path/Frameworks";
				PRODUCT_BUNDLE_IDENTIFIER = com.compass.webview.example.WebviewExampleTests;
				PRODUCT_NAME = "$(TARGET_NAME)";
				TEST_HOST = "$(BUILT_PRODUCTS_DIR)/WebviewExample.app/WebviewExample";
			};
			name = Release;
		};
		1F2A57E01C50C127009C810B /* Debug */ = {
			isa = XCBuildConfiguration;
			buildSettings = {
				INFOPLIST_FILE = WebviewExampleUITests/Info.plist;
				LD_RUNPATH_SEARCH_PATHS = "$(inherited) @executable_path/Frameworks @loader_path/Frameworks";
				PRODUCT_BUNDLE_IDENTIFIER = com.compass.webview.example.WebviewExampleUITests;
				PRODUCT_NAME = "$(TARGET_NAME)";
				TEST_TARGET_NAME = WebviewExample;
				USES_XCTRUNNER = YES;
			};
			name = Debug;
		};
		1F2A57E11C50C127009C810B /* Release */ = {
			isa = XCBuildConfiguration;
			buildSettings = {
				INFOPLIST_FILE = WebviewExampleUITests/Info.plist;
				LD_RUNPATH_SEARCH_PATHS = "$(inherited) @executable_path/Frameworks @loader_path/Frameworks";
				PRODUCT_BUNDLE_IDENTIFIER = com.compass.webview.example.WebviewExampleUITests;
				PRODUCT_NAME = "$(TARGET_NAME)";
				TEST_TARGET_NAME = WebviewExample;
				USES_XCTRUNNER = YES;
			};
			name = Release;
		};
/* End XCBuildConfiguration section */

/* Begin XCConfigurationList section */
		1F2A57AC1C50C127009C810B /* Build configuration list for PBXProject "WebviewExample" */ = {
			isa = XCConfigurationList;
			buildConfigurations = (
				1F2A57D71C50C127009C810B /* Debug */,
				1F2A57D81C50C127009C810B /* Release */,
			);
			defaultConfigurationIsVisible = 0;
			defaultConfigurationName = Release;
		};
		1F2A57D91C50C127009C810B /* Build configuration list for PBXNativeTarget "WebviewExample" */ = {
			isa = XCConfigurationList;
			buildConfigurations = (
				1F2A57DA1C50C127009C810B /* Debug */,
				1F2A57DB1C50C127009C810B /* Release */,
			);
			defaultConfigurationIsVisible = 0;
			defaultConfigurationName = Release;
		};
		1F2A57DC1C50C127009C810B /* Build configuration list for PBXNativeTarget "WebviewExampleTests" */ = {
			isa = XCConfigurationList;
			buildConfigurations = (
				1F2A57DD1C50C127009C810B /* Debug */,
				1F2A57DE1C50C127009C810B /* Release */,
			);
			defaultConfigurationIsVisible = 0;
			defaultConfigurationName = Release;
		};
		1F2A57DF1C50C127009C810B /* Build configuration list for PBXNativeTarget "WebviewExampleUITests" */ = {
			isa = XCConfigurationList;
			buildConfigurations = (
				1F2A57E01C50C127009C810B /* Debug */,
				1F2A57E11C50C127009C810B /* Release */,
			);
			defaultConfigurationIsVisible = 0;
			defaultConfigurationName = Release;
		};
/* End XCConfigurationList section */
	};
	rootObject = 1F2A57A91C50C127009C810B /* Project object */;
}
